// !$*UTF8*$!
{
	archiveVersion = 1;
	classes = {
	};
	objectVersion = 56;
	objects = {

/* Begin PBXBuildFile section */
		4EAEB14B2C0DD5EA000AAE47 /* HexagonParameters.swift in Sources */ = {isa = PBXBuildFile; fileRef = 4EAEB14A2C0DD5EA000AAE47 /* HexagonParameters.swift */; };
		4EAEB14D2C0DD69E000AAE47 /* BadgeBackground.swift in Sources */ = {isa = PBXBuildFile; fileRef = 4EAEB14C2C0DD69E000AAE47 /* BadgeBackground.swift */; };
		4EAEB14F2C0DD9F9000AAE47 /* BadgeSymbol.swift in Sources */ = {isa = PBXBuildFile; fileRef = 4EAEB14E2C0DD9F9000AAE47 /* BadgeSymbol.swift */; };
		4EAEB1512C0DDCCC000AAE47 /* RotatedBadgeSymbol.swift in Sources */ = {isa = PBXBuildFile; fileRef = 4EAEB1502C0DDCCC000AAE47 /* RotatedBadgeSymbol.swift */; };
		4EAEB1532C0DDD61000AAE47 /* Badge.swift in Sources */ = {isa = PBXBuildFile; fileRef = 4EAEB1522C0DDD61000AAE47 /* Badge.swift */; };
		4EBDFF882BF4B58B008BCCA5 /* LandmarkList.swift in Sources */ = {isa = PBXBuildFile; fileRef = 4EBDFF872BF4B58B008BCCA5 /* LandmarkList.swift */; };
		4EBDFF8A2BF4BCD1008BCCA5 /* LandmarkDetail.swift in Sources */ = {isa = PBXBuildFile; fileRef = 4EBDFF892BF4BCD1008BCCA5 /* LandmarkDetail.swift */; };
		4EC75E8F2C0D32BD00AF9818 /* FavoriteButton.swift in Sources */ = {isa = PBXBuildFile; fileRef = 4EC75E8E2C0D32BD00AF9818 /* FavoriteButton.swift */; };
		4EF076C22BF26F2D006FD51D /* LandmarksApp.swift in Sources */ = {isa = PBXBuildFile; fileRef = 4EF076C12BF26F2D006FD51D /* LandmarksApp.swift */; };
		4EF076C42BF26F2D006FD51D /* ContentView.swift in Sources */ = {isa = PBXBuildFile; fileRef = 4EF076C32BF26F2D006FD51D /* ContentView.swift */; };
		4EF076C62BF26F30006FD51D /* Assets.xcassets in Resources */ = {isa = PBXBuildFile; fileRef = 4EF076C52BF26F30006FD51D /* Assets.xcassets */; };
		4EF076C92BF26F30006FD51D /* Preview Assets.xcassets in Resources */ = {isa = PBXBuildFile; fileRef = 4EF076C82BF26F30006FD51D /* Preview Assets.xcassets */; };
		4EF076D02BF28CFC006FD51D /* CircleImage.swift in Sources */ = {isa = PBXBuildFile; fileRef = 4EF076CF2BF28CFC006FD51D /* CircleImage.swift */; };
		4EF076D22BF28E43006FD51D /* MapView.swift in Sources */ = {isa = PBXBuildFile; fileRef = 4EF076D12BF28E43006FD51D /* MapView.swift */; };
		4EF076D42BF2942E006FD51D /* landmarkData.json in Resources */ = {isa = PBXBuildFile; fileRef = 4EF076D32BF2942E006FD51D /* landmarkData.json */; };
		4EF076D62BF29469006FD51D /* Landmark.swift in Sources */ = {isa = PBXBuildFile; fileRef = 4EF076D52BF29469006FD51D /* Landmark.swift */; };
		4EF076D82BF2CE73006FD51D /* ModelData.swift in Sources */ = {isa = PBXBuildFile; fileRef = 4EF076D72BF2CE73006FD51D /* ModelData.swift */; };
		4EF076DD2BF35E68006FD51D /* LandmarkRow.swift in Sources */ = {isa = PBXBuildFile; fileRef = 4EF076DC2BF35E68006FD51D /* LandmarkRow.swift */; };
/* End PBXBuildFile section */

/* Begin PBXFileReference section */
		4EAEB14A2C0DD5EA000AAE47 /* HexagonParameters.swift */ = {isa = PBXFileReference; lastKnownFileType = sourcecode.swift; path = HexagonParameters.swift; sourceTree = "<group>"; };
		4EAEB14C2C0DD69E000AAE47 /* BadgeBackground.swift */ = {isa = PBXFileReference; lastKnownFileType = sourcecode.swift; path = BadgeBackground.swift; sourceTree = "<group>"; };
		4EAEB14E2C0DD9F9000AAE47 /* BadgeSymbol.swift */ = {isa = PBXFileReference; lastKnownFileType = sourcecode.swift; path = BadgeSymbol.swift; sourceTree = "<group>"; };
		4EAEB1502C0DDCCC000AAE47 /* RotatedBadgeSymbol.swift */ = {isa = PBXFileReference; lastKnownFileType = sourcecode.swift; path = RotatedBadgeSymbol.swift; sourceTree = "<group>"; };
		4EAEB1522C0DDD61000AAE47 /* Badge.swift */ = {isa = PBXFileReference; lastKnownFileType = sourcecode.swift; path = Badge.swift; sourceTree = "<group>"; };
		4EBDFF872BF4B58B008BCCA5 /* LandmarkList.swift */ = {isa = PBXFileReference; lastKnownFileType = sourcecode.swift; path = LandmarkList.swift; sourceTree = "<group>"; };
		4EBDFF892BF4BCD1008BCCA5 /* LandmarkDetail.swift */ = {isa = PBXFileReference; lastKnownFileType = sourcecode.swift; path = LandmarkDetail.swift; sourceTree = "<group>"; };
		4EC75E8E2C0D32BD00AF9818 /* FavoriteButton.swift */ = {isa = PBXFileReference; lastKnownFileType = sourcecode.swift; path = FavoriteButton.swift; sourceTree = "<group>"; };
		4EF076BE2BF26F2D006FD51D /* Landmarks.app */ = {isa = PBXFileReference; explicitFileType = wrapper.application; includeInIndex = 0; path = Landmarks.app; sourceTree = BUILT_PRODUCTS_DIR; };
		4EF076C12BF26F2D006FD51D /* LandmarksApp.swift */ = {isa = PBXFileReference; lastKnownFileType = sourcecode.swift; path = LandmarksApp.swift; sourceTree = "<group>"; };
		4EF076C32BF26F2D006FD51D /* ContentView.swift */ = {isa = PBXFileReference; lastKnownFileType = sourcecode.swift; path = ContentView.swift; sourceTree = "<group>"; };
		4EF076C52BF26F30006FD51D /* Assets.xcassets */ = {isa = PBXFileReference; lastKnownFileType = folder.assetcatalog; path = Assets.xcassets; sourceTree = "<group>"; };
		4EF076C82BF26F30006FD51D /* Preview Assets.xcassets */ = {isa = PBXFileReference; lastKnownFileType = folder.assetcatalog; path = "Preview Assets.xcassets"; sourceTree = "<group>"; };
		4EF076CF2BF28CFC006FD51D /* CircleImage.swift */ = {isa = PBXFileReference; lastKnownFileType = sourcecode.swift; path = CircleImage.swift; sourceTree = "<group>"; };
		4EF076D12BF28E43006FD51D /* MapView.swift */ = {isa = PBXFileReference; lastKnownFileType = sourcecode.swift; path = MapView.swift; sourceTree = "<group>"; };
		4EF076D32BF2942E006FD51D /* landmarkData.json */ = {isa = PBXFileReference; fileEncoding = 4; lastKnownFileType = text.json; path = landmarkData.json; sourceTree = "<group>"; };
		4EF076D52BF29469006FD51D /* Landmark.swift */ = {isa = PBXFileReference; lastKnownFileType = sourcecode.swift; path = Landmark.swift; sourceTree = "<group>"; };
		4EF076D72BF2CE73006FD51D /* ModelData.swift */ = {isa = PBXFileReference; lastKnownFileType = sourcecode.swift; path = ModelData.swift; sourceTree = "<group>"; };
		4EF076DC2BF35E68006FD51D /* LandmarkRow.swift */ = {isa = PBXFileReference; lastKnownFileType = sourcecode.swift; path = LandmarkRow.swift; sourceTree = "<group>"; };
/* End PBXFileReference section */

/* Begin PBXFrameworksBuildPhase section */
		4EF076BB2BF26F2D006FD51D /* Frameworks */ = {
			isa = PBXFrameworksBuildPhase;
			buildActionMask = 2147483647;
			files = (
			);
			runOnlyForDeploymentPostprocessing = 0;
		};
/* End PBXFrameworksBuildPhase section */

/* Begin PBXGroup section */
		4EAEB1542C0DDDEB000AAE47 /* Badges */ = {
			isa = PBXGroup;
			children = (
				4EAEB14A2C0DD5EA000AAE47 /* HexagonParameters.swift */,
				4EAEB14C2C0DD69E000AAE47 /* BadgeBackground.swift */,
				4EAEB14E2C0DD9F9000AAE47 /* BadgeSymbol.swift */,
				4EAEB1502C0DDCCC000AAE47 /* RotatedBadgeSymbol.swift */,
				4EAEB1522C0DDD61000AAE47 /* Badge.swift */,
			);
			path = Badges;
			sourceTree = "<group>";
		};
		4EC75E902C0D336700AF9818 /* Landmarks */ = {
			isa = PBXGroup;
			children = (
				4EF076DC2BF35E68006FD51D /* LandmarkRow.swift */,
				4EBDFF892BF4BCD1008BCCA5 /* LandmarkDetail.swift */,
				4EBDFF872BF4B58B008BCCA5 /* LandmarkList.swift */,
			);
			path = Landmarks;
			sourceTree = "<group>";
		};
		4EC75E912C0D339200AF9818 /* Helper */ = {
			isa = PBXGroup;
			children = (
				4EF076CF2BF28CFC006FD51D /* CircleImage.swift */,
				4EF076D12BF28E43006FD51D /* MapView.swift */,
				4EC75E8E2C0D32BD00AF9818 /* FavoriteButton.swift */,
			);
			path = Helper;
			sourceTree = "<group>";
		};
		4EF076B52BF26F2D006FD51D = {
			isa = PBXGroup;
			children = (
				4EF076C02BF26F2D006FD51D /* Landmarks */,
				4EF076BF2BF26F2D006FD51D /* Products */,
			);
			sourceTree = "<group>";
		};
		4EF076BF2BF26F2D006FD51D /* Products */ = {
			isa = PBXGroup;
			children = (
				4EF076BE2BF26F2D006FD51D /* Landmarks.app */,
			);
			name = Products;
			sourceTree = "<group>";
		};
		4EF076C02BF26F2D006FD51D /* Landmarks */ = {
			isa = PBXGroup;
			children = (
				4EF076DB2BF2D152006FD51D /* Resources */,
				4EF076DA2BF2D142006FD51D /* ModelData */,
				4EF076C12BF26F2D006FD51D /* LandmarksApp.swift */,
				4EF076C52BF26F30006FD51D /* Assets.xcassets */,
				4EF076D92BF2D108006FD51D /* Views */,
				4EF076C72BF26F30006FD51D /* Preview Content */,
			);
			path = Landmarks;
			sourceTree = "<group>";
		};
		4EF076C72BF26F30006FD51D /* Preview Content */ = {
			isa = PBXGroup;
			children = (
				4EF076C82BF26F30006FD51D /* Preview Assets.xcassets */,
			);
			path = "Preview Content";
			sourceTree = "<group>";
		};
		4EF076D92BF2D108006FD51D /* Views */ = {
			isa = PBXGroup;
			children = (
				4EF076C32BF26F2D006FD51D /* ContentView.swift */,
				4EC75E912C0D339200AF9818 /* Helper */,
				4EC75E902C0D336700AF9818 /* Landmarks */,
				4EAEB1542C0DDDEB000AAE47 /* Badges */,
			);
			path = Views;
			sourceTree = "<group>";
		};
		4EF076DA2BF2D142006FD51D /* ModelData */ = {
			isa = PBXGroup;
			children = (
				4EF076D52BF29469006FD51D /* Landmark.swift */,
				4EF076D72BF2CE73006FD51D /* ModelData.swift */,
			);
			path = ModelData;
			sourceTree = "<group>";
		};
		4EF076DB2BF2D152006FD51D /* Resources */ = {
			isa = PBXGroup;
			children = (
				4EF076D32BF2942E006FD51D /* landmarkData.json */,
			);
			path = Resources;
			sourceTree = "<group>";
		};
/* End PBXGroup section */

/* Begin PBXNativeTarget section */
		4EF076BD2BF26F2D006FD51D /* Landmarks */ = {
			isa = PBXNativeTarget;
			buildConfigurationList = 4EF076CC2BF26F30006FD51D /* Build configuration list for PBXNativeTarget "Landmarks" */;
			buildPhases = (
				4EF076BA2BF26F2D006FD51D /* Sources */,
				4EF076BB2BF26F2D006FD51D /* Frameworks */,
				4EF076BC2BF26F2D006FD51D /* Resources */,
			);
			buildRules = (
			);
			dependencies = (
			);
			name = Landmarks;
			productName = Landmarks;
			productReference = 4EF076BE2BF26F2D006FD51D /* Landmarks.app */;
			productType = "com.apple.product-type.application";
		};
/* End PBXNativeTarget section */

/* Begin PBXProject section */
		4EF076B62BF26F2D006FD51D /* Project object */ = {
			isa = PBXProject;
			attributes = {
				BuildIndependentTargetsInParallel = 1;
				LastSwiftUpdateCheck = 1520;
				LastUpgradeCheck = 1520;
				TargetAttributes = {
					4EF076BD2BF26F2D006FD51D = {
						CreatedOnToolsVersion = 15.2;
					};
				};
			};
			buildConfigurationList = 4EF076B92BF26F2D006FD51D /* Build configuration list for PBXProject "Landmarks" */;
			compatibilityVersion = "Xcode 14.0";
			developmentRegion = en;
			hasScannedForEncodings = 0;
			knownRegions = (
				en,
				Base,
			);
			mainGroup = 4EF076B52BF26F2D006FD51D;
			productRefGroup = 4EF076BF2BF26F2D006FD51D /* Products */;
			projectDirPath = "";
			projectRoot = "";
			targets = (
				4EF076BD2BF26F2D006FD51D /* Landmarks */,
			);
		};
/* End PBXProject section */

/* Begin PBXResourcesBuildPhase section */
		4EF076BC2BF26F2D006FD51D /* Resources */ = {
			isa = PBXResourcesBuildPhase;
			buildActionMask = 2147483647;
			files = (
				4EF076C92BF26F30006FD51D /* Preview Assets.xcassets in Resources */,
				4EF076C62BF26F30006FD51D /* Assets.xcassets in Resources */,
				4EF076D42BF2942E006FD51D /* landmarkData.json in Resources */,
			);
			runOnlyForDeploymentPostprocessing = 0;
		};
/* End PBXResourcesBuildPhase section */

/* Begin PBXSourcesBuildPhase section */
		4EF076BA2BF26F2D006FD51D /* Sources */ = {
			isa = PBXSourcesBuildPhase;
			buildActionMask = 2147483647;
			files = (
				4EF076C42BF26F2D006FD51D /* ContentView.swift in Sources */,
				4EAEB1532C0DDD61000AAE47 /* Badge.swift in Sources */,
				4EF076D22BF28E43006FD51D /* MapView.swift in Sources */,
				4EF076C22BF26F2D006FD51D /* LandmarksApp.swift in Sources */,
				4EC75E8F2C0D32BD00AF9818 /* FavoriteButton.swift in Sources */,
				4EAEB14B2C0DD5EA000AAE47 /* HexagonParameters.swift in Sources */,
				4EAEB1512C0DDCCC000AAE47 /* RotatedBadgeSymbol.swift in Sources */,
				4EAEB14F2C0DD9F9000AAE47 /* BadgeSymbol.swift in Sources */,
				4EBDFF882BF4B58B008BCCA5 /* LandmarkList.swift in Sources */,
				4EBDFF8A2BF4BCD1008BCCA5 /* LandmarkDetail.swift in Sources */,
				4EAEB14D2C0DD69E000AAE47 /* BadgeBackground.swift in Sources */,
				4EF076D02BF28CFC006FD51D /* CircleImage.swift in Sources */,
				4EF076D62BF29469006FD51D /* Landmark.swift in Sources */,
				4EF076DD2BF35E68006FD51D /* LandmarkRow.swift in Sources */,
				4EF076D82BF2CE73006FD51D /* ModelData.swift in Sources */,
			);
			runOnlyForDeploymentPostprocessing = 0;
		};
/* End PBXSourcesBuildPhase section */

/* Begin XCBuildConfiguration section */
		4EF076CA2BF26F30006FD51D /* Debug */ = {
			isa = XCBuildConfiguration;
			buildSettings = {
				ALWAYS_SEARCH_USER_PATHS = NO;
				ASSETCATALOG_COMPILER_GENERATE_SWIFT_ASSET_SYMBOL_EXTENSIONS = YES;
				CLANG_ANALYZER_NONNULL = YES;
				CLANG_ANALYZER_NUMBER_OBJECT_CONVERSION = YES_AGGRESSIVE;
				CLANG_CXX_LANGUAGE_STANDARD = "gnu++20";
				CLANG_ENABLE_MODULES = YES;
				CLANG_ENABLE_OBJC_ARC = YES;
				CLANG_ENABLE_OBJC_WEAK = YES;
				CLANG_WARN_BLOCK_CAPTURE_AUTORELEASING = YES;
				CLANG_WARN_BOOL_CONVERSION = YES;
				CLANG_WARN_COMMA = YES;
				CLANG_WARN_CONSTANT_CONVERSION = YES;
				CLANG_WARN_DEPRECATED_OBJC_IMPLEMENTATIONS = YES;
				CLANG_WARN_DIRECT_OBJC_ISA_USAGE = YES_ERROR;
				CLANG_WARN_DOCUMENTATION_COMMENTS = YES;
				CLANG_WARN_EMPTY_BODY = YES;
				CLANG_WARN_ENUM_CONVERSION = YES;
				CLANG_WARN_INFINITE_RECURSION = YES;
				CLANG_WARN_INT_CONVERSION = YES;
				CLANG_WARN_NON_LITERAL_NULL_CONVERSION = YES;
				CLANG_WARN_OBJC_IMPLICIT_RETAIN_SELF = YES;
				CLANG_WARN_OBJC_LITERAL_CONVERSION = YES;
				CLANG_WARN_OBJC_ROOT_CLASS = YES_ERROR;
				CLANG_WARN_QUOTED_INCLUDE_IN_FRAMEWORK_HEADER = YES;
				CLANG_WARN_RANGE_LOOP_ANALYSIS = YES;
				CLANG_WARN_STRICT_PROTOTYPES = YES;
				CLANG_WARN_SUSPICIOUS_MOVE = YES;
				CLANG_WARN_UNGUARDED_AVAILABILITY = YES_AGGRESSIVE;
				CLANG_WARN_UNREACHABLE_CODE = YES;
				CLANG_WARN__DUPLICATE_METHOD_MATCH = YES;
				COPY_PHASE_STRIP = NO;
				DEBUG_INFORMATION_FORMAT = dwarf;
				ENABLE_STRICT_OBJC_MSGSEND = YES;
				ENABLE_TESTABILITY = YES;
				ENABLE_USER_SCRIPT_SANDBOXING = YES;
				GCC_C_LANGUAGE_STANDARD = gnu17;
				GCC_DYNAMIC_NO_PIC = NO;
				GCC_NO_COMMON_BLOCKS = YES;
				GCC_OPTIMIZATION_LEVEL = 0;
				GCC_PREPROCESSOR_DEFINITIONS = (
					"DEBUG=1",
					"$(inherited)",
				);
				GCC_WARN_64_TO_32_BIT_CONVERSION = YES;
				GCC_WARN_ABOUT_RETURN_TYPE = YES_ERROR;
				GCC_WARN_UNDECLARED_SELECTOR = YES;
				GCC_WARN_UNINITIALIZED_AUTOS = YES_AGGRESSIVE;
				GCC_WARN_UNUSED_FUNCTION = YES;
				GCC_WARN_UNUSED_VARIABLE = YES;
				IPHONEOS_DEPLOYMENT_TARGET = 17.2;
				LOCALIZATION_PREFERS_STRING_CATALOGS = YES;
				MTL_ENABLE_DEBUG_INFO = INCLUDE_SOURCE;
				MTL_FAST_MATH = YES;
				ONLY_ACTIVE_ARCH = YES;
				SDKROOT = iphoneos;
				SWIFT_ACTIVE_COMPILATION_CONDITIONS = "DEBUG $(inherited)";
				SWIFT_OPTIMIZATION_LEVEL = "-Onone";
			};
			name = Debug;
		};
		4EF076CB2BF26F30006FD51D /* Release */ = {
			isa = XCBuildConfiguration;
			buildSettings = {
				ALWAYS_SEARCH_USER_PATHS = NO;
				ASSETCATALOG_COMPILER_GENERATE_SWIFT_ASSET_SYMBOL_EXTENSIONS = YES;
				CLANG_ANALYZER_NONNULL = YES;
				CLANG_ANALYZER_NUMBER_OBJECT_CONVERSION = YES_AGGRESSIVE;
				CLANG_CXX_LANGUAGE_STANDARD = "gnu++20";
				CLANG_ENABLE_MODULES = YES;
				CLANG_ENABLE_OBJC_ARC = YES;
				CLANG_ENABLE_OBJC_WEAK = YES;
				CLANG_WARN_BLOCK_CAPTURE_AUTORELEASING = YES;
				CLANG_WARN_BOOL_CONVERSION = YES;
				CLANG_WARN_COMMA = YES;
				CLANG_WARN_CONSTANT_CONVERSION = YES;
				CLANG_WARN_DEPRECATED_OBJC_IMPLEMENTATIONS = YES;
				CLANG_WARN_DIRECT_OBJC_ISA_USAGE = YES_ERROR;
				CLANG_WARN_DOCUMENTATION_COMMENTS = YES;
				CLANG_WARN_EMPTY_BODY = YES;
				CLANG_WARN_ENUM_CONVERSION = YES;
				CLANG_WARN_INFINITE_RECURSION = YES;
				CLANG_WARN_INT_CONVERSION = YES;
				CLANG_WARN_NON_LITERAL_NULL_CONVERSION = YES;
				CLANG_WARN_OBJC_IMPLICIT_RETAIN_SELF = YES;
				CLANG_WARN_OBJC_LITERAL_CONVERSION = YES;
				CLANG_WARN_OBJC_ROOT_CLASS = YES_ERROR;
				CLANG_WARN_QUOTED_INCLUDE_IN_FRAMEWORK_HEADER = YES;
				CLANG_WARN_RANGE_LOOP_ANALYSIS = YES;
				CLANG_WARN_STRICT_PROTOTYPES = YES;
				CLANG_WARN_SUSPICIOUS_MOVE = YES;
				CLANG_WARN_UNGUARDED_AVAILABILITY = YES_AGGRESSIVE;
				CLANG_WARN_UNREACHABLE_CODE = YES;
				CLANG_WARN__DUPLICATE_METHOD_MATCH = YES;
				COPY_PHASE_STRIP = NO;
				DEBUG_INFORMATION_FORMAT = "dwarf-with-dsym";
				ENABLE_NS_ASSERTIONS = NO;
				ENABLE_STRICT_OBJC_MSGSEND = YES;
				ENABLE_USER_SCRIPT_SANDBOXING = YES;
				GCC_C_LANGUAGE_STANDARD = gnu17;
				GCC_NO_COMMON_BLOCKS = YES;
				GCC_WARN_64_TO_32_BIT_CONVERSION = YES;
				GCC_WARN_ABOUT_RETURN_TYPE = YES_ERROR;
				GCC_WARN_UNDECLARED_SELECTOR = YES;
				GCC_WARN_UNINITIALIZED_AUTOS = YES_AGGRESSIVE;
				GCC_WARN_UNUSED_FUNCTION = YES;
				GCC_WARN_UNUSED_VARIABLE = YES;
				IPHONEOS_DEPLOYMENT_TARGET = 17.2;
				LOCALIZATION_PREFERS_STRING_CATALOGS = YES;
				MTL_ENABLE_DEBUG_INFO = NO;
				MTL_FAST_MATH = YES;
				SDKROOT = iphoneos;
				SWIFT_COMPILATION_MODE = wholemodule;
				VALIDATE_PRODUCT = YES;
			};
			name = Release;
		};
		4EF076CD2BF26F30006FD51D /* Debug */ = {
			isa = XCBuildConfiguration;
			buildSettings = {
				ASSETCATALOG_COMPILER_APPICON_NAME = AppIcon;
				ASSETCATALOG_COMPILER_GLOBAL_ACCENT_COLOR_NAME = AccentColor;
				CODE_SIGN_STYLE = Automatic;
				CURRENT_PROJECT_VERSION = 1;
				DEVELOPMENT_ASSET_PATHS = "\"Landmarks/Preview Content\"";
				ENABLE_PREVIEWS = YES;
				GENERATE_INFOPLIST_FILE = YES;
				INFOPLIST_KEY_UIApplicationSceneManifest_Generation = YES;
				INFOPLIST_KEY_UIApplicationSupportsIndirectInputEvents = YES;
				INFOPLIST_KEY_UILaunchScreen_Generation = YES;
				INFOPLIST_KEY_UISupportedInterfaceOrientations_iPad = "UIInterfaceOrientationPortrait UIInterfaceOrientationPortraitUpsideDown UIInterfaceOrientationLandscapeLeft UIInterfaceOrientationLandscapeRight";
				INFOPLIST_KEY_UISupportedInterfaceOrientations_iPhone = "UIInterfaceOrientationPortrait UIInterfaceOrientationLandscapeLeft UIInterfaceOrientationLandscapeRight";
				LD_RUNPATH_SEARCH_PATHS = (
					"$(inherited)",
					"@executable_path/Frameworks",
				);
				MARKETING_VERSION = 1.0;
				PRODUCT_BUNDLE_IDENTIFIER = app.Landmarks;
				PRODUCT_NAME = "$(TARGET_NAME)";
				SWIFT_EMIT_LOC_STRINGS = YES;
				SWIFT_VERSION = 5.0;
				TARGETED_DEVICE_FAMILY = "1,2";
			};
			name = Debug;
		};
		4EF076CE2BF26F30006FD51D /* Release */ = {
			isa = XCBuildConfiguration;
			buildSettings = {
				ASSETCATALOG_COMPILER_APPICON_NAME = AppIcon;
				ASSETCATALOG_COMPILER_GLOBAL_ACCENT_COLOR_NAME = AccentColor;
				CODE_SIGN_STYLE = Automatic;
				CURRENT_PROJECT_VERSION = 1;
				DEVELOPMENT_ASSET_PATHS = "\"Landmarks/Preview Content\"";
				ENABLE_PREVIEWS = YES;
				GENERATE_INFOPLIST_FILE = YES;
				INFOPLIST_KEY_UIApplicationSceneManifest_Generation = YES;
				INFOPLIST_KEY_UIApplicationSupportsIndirectInputEvents = YES;
				INFOPLIST_KEY_UILaunchScreen_Generation = YES;
				INFOPLIST_KEY_UISupportedInterfaceOrientations_iPad = "UIInterfaceOrientationPortrait UIInterfaceOrientationPortraitUpsideDown UIInterfaceOrientationLandscapeLeft UIInterfaceOrientationLandscapeRight";
				INFOPLIST_KEY_UISupportedInterfaceOrientations_iPhone = "UIInterfaceOrientationPortrait UIInterfaceOrientationLandscapeLeft UIInterfaceOrientationLandscapeRight";
				LD_RUNPATH_SEARCH_PATHS = (
					"$(inherited)",
					"@executable_path/Frameworks",
				);
				MARKETING_VERSION = 1.0;
				PRODUCT_BUNDLE_IDENTIFIER = app.Landmarks;
				PRODUCT_NAME = "$(TARGET_NAME)";
				SWIFT_EMIT_LOC_STRINGS = YES;
				SWIFT_VERSION = 5.0;
				TARGETED_DEVICE_FAMILY = "1,2";
			};
			name = Release;
		};
/* End XCBuildConfiguration section */

/* Begin XCConfigurationList section */
		4EF076B92BF26F2D006FD51D /* Build configuration list for PBXProject "Landmarks" */ = {
			isa = XCConfigurationList;
			buildConfigurations = (
				4EF076CA2BF26F30006FD51D /* Debug */,
				4EF076CB2BF26F30006FD51D /* Release */,
			);
			defaultConfigurationIsVisible = 0;
			defaultConfigurationName = Release;
		};
		4EF076CC2BF26F30006FD51D /* Build configuration list for PBXNativeTarget "Landmarks" */ = {
			isa = XCConfigurationList;
			buildConfigurations = (
				4EF076CD2BF26F30006FD51D /* Debug */,
				4EF076CE2BF26F30006FD51D /* Release */,
			);
			defaultConfigurationIsVisible = 0;
			defaultConfigurationName = Release;
		};
/* End XCConfigurationList section */
	};
	rootObject = 4EF076B62BF26F2D006FD51D /* Project object */;
}
